// !$*UTF8*$!
{
	archiveVersion = 1;
	classes = {
	};
	objectVersion = 56;
	objects = {

/* Begin PBXBuildFile section */
		F918A5A129F19CE500E15E32 /* Templates in Resources */ = {isa = PBXBuildFile; fileRef = F918A5A029F19CE500E15E32 /* Templates */; };
		F934D58B29E41BDB00F0D450 /* AddVMViewController.swift in Sources */ = {isa = PBXBuildFile; fileRef = F934D58A29E41BDB00F0D450 /* AddVMViewController.swift */; };
		F934D58D29E424EE00F0D450 /* VM.swift in Sources */ = {isa = PBXBuildFile; fileRef = F934D58C29E424EE00F0D450 /* VM.swift */; };
		F99FFC5629F5364300099CAB /* Shaders in Resources */ = {isa = PBXBuildFile; fileRef = F99FFC5529F5364300099CAB /* Shaders */; };
		F9A04BAE29EEF26F00DC813D /* namedefs.inf in Resources */ = {isa = PBXBuildFile; fileRef = F9A04BAD29EEF26F00DC813D /* namedefs.inf */; };
		F9A04BB129EF0F5400DC813D /* FileManager.swift in Sources */ = {isa = PBXBuildFile; fileRef = F9A04BB029EF0F5400DC813D /* FileManager.swift */; };
		F9B09E6429E9DBC800C86A0F /* IniParser.swift in Sources */ = {isa = PBXBuildFile; fileRef = F9B09E6329E9DBC800C86A0F /* IniParser.swift */; };
		F9BB907629F14C7E000B4C5F /* VMTemplate.swift in Sources */ = {isa = PBXBuildFile; fileRef = F9BB907529F14C7E000B4C5F /* VMTemplate.swift */; };
		F9BDB5CC29EC139A00D7331F /* ImportVMViewController.swift in Sources */ = {isa = PBXBuildFile; fileRef = F9BDB5CB29EC139A00D7331F /* ImportVMViewController.swift */; };
		F9D6078329E2BABE002541BF /* AppDelegate.swift in Sources */ = {isa = PBXBuildFile; fileRef = F9D6078229E2BABE002541BF /* AppDelegate.swift */; };
		F9D6078529E2BABE002541BF /* MainViewController.swift in Sources */ = {isa = PBXBuildFile; fileRef = F9D6078429E2BABE002541BF /* MainViewController.swift */; };
		F9D6078729E2BABF002541BF /* Assets.xcassets in Resources */ = {isa = PBXBuildFile; fileRef = F9D6078629E2BABF002541BF /* Assets.xcassets */; };
		F9D6078A29E2BABF002541BF /* Main.storyboard in Resources */ = {isa = PBXBuildFile; fileRef = F9D6078829E2BABF002541BF /* Main.storyboard */; };
/* End PBXBuildFile section */

/* Begin PBXFileReference section */
		F918A5A029F19CE500E15E32 /* Templates */ = {isa = PBXFileReference; lastKnownFileType = folder; path = Templates; sourceTree = "<group>"; };
		F934D58A29E41BDB00F0D450 /* AddVMViewController.swift */ = {isa = PBXFileReference; lastKnownFileType = sourcecode.swift; path = AddVMViewController.swift; sourceTree = "<group>"; };
		F934D58C29E424EE00F0D450 /* VM.swift */ = {isa = PBXFileReference; lastKnownFileType = sourcecode.swift; path = VM.swift; sourceTree = "<group>"; };
		F99FFC5529F5364300099CAB /* Shaders */ = {isa = PBXFileReference; lastKnownFileType = folder; path = Shaders; sourceTree = "<group>"; };
		F9A04BAD29EEF26F00DC813D /* namedefs.inf */ = {isa = PBXFileReference; fileEncoding = 4; lastKnownFileType = text; path = namedefs.inf; sourceTree = "<group>"; };
		F9A04BB029EF0F5400DC813D /* FileManager.swift */ = {isa = PBXFileReference; lastKnownFileType = sourcecode.swift; path = FileManager.swift; sourceTree = "<group>"; };
		F9B09E6329E9DBC800C86A0F /* IniParser.swift */ = {isa = PBXFileReference; fileEncoding = 4; lastKnownFileType = sourcecode.swift; path = IniParser.swift; sourceTree = "<group>"; };
		F9BB907529F14C7E000B4C5F /* VMTemplate.swift */ = {isa = PBXFileReference; lastKnownFileType = sourcecode.swift; path = VMTemplate.swift; sourceTree = "<group>"; };
		F9BDB5CB29EC139A00D7331F /* ImportVMViewController.swift */ = {isa = PBXFileReference; lastKnownFileType = sourcecode.swift; path = ImportVMViewController.swift; sourceTree = "<group>"; };
		F9D6077F29E2BABE002541BF /* MacBox.app */ = {isa = PBXFileReference; explicitFileType = wrapper.application; includeInIndex = 0; path = MacBox.app; sourceTree = BUILT_PRODUCTS_DIR; };
		F9D6078229E2BABE002541BF /* AppDelegate.swift */ = {isa = PBXFileReference; lastKnownFileType = sourcecode.swift; path = AppDelegate.swift; sourceTree = "<group>"; };
		F9D6078429E2BABE002541BF /* MainViewController.swift */ = {isa = PBXFileReference; lastKnownFileType = sourcecode.swift; path = MainViewController.swift; sourceTree = "<group>"; };
		F9D6078629E2BABF002541BF /* Assets.xcassets */ = {isa = PBXFileReference; lastKnownFileType = folder.assetcatalog; path = Assets.xcassets; sourceTree = "<group>"; };
		F9D6078929E2BABF002541BF /* Base */ = {isa = PBXFileReference; lastKnownFileType = file.storyboard; name = Base; path = Base.lproj/Main.storyboard; sourceTree = "<group>"; };
		F9D6078B29E2BABF002541BF /* MacBox.entitlements */ = {isa = PBXFileReference; lastKnownFileType = text.plist.entitlements; path = MacBox.entitlements; sourceTree = "<group>"; };
/* End PBXFileReference section */

/* Begin PBXFrameworksBuildPhase section */
		F9D6077C29E2BABE002541BF /* Frameworks */ = {
			isa = PBXFrameworksBuildPhase;
			buildActionMask = 2147483647;
			files = (
			);
			runOnlyForDeploymentPostprocessing = 0;
		};
/* End PBXFrameworksBuildPhase section */

/* Begin PBXGroup section */
		F959EF7529E357F500934DA5 /* Classes */ = {
			isa = PBXGroup;
			children = (
				F934D58C29E424EE00F0D450 /* VM.swift */,
				F9BB907529F14C7E000B4C5F /* VMTemplate.swift */,
			);
			path = Classes;
			sourceTree = "<group>";
		};
		F959EF7629E3580700934DA5 /* Storyboards */ = {
			isa = PBXGroup;
			children = (
				F9D6078829E2BABF002541BF /* Main.storyboard */,
			);
			path = Storyboards;
			sourceTree = "<group>";
		};
		F959EF7729E3585800934DA5 /* ViewControllers */ = {
			isa = PBXGroup;
			children = (
				F9D6078429E2BABE002541BF /* MainViewController.swift */,
				F934D58A29E41BDB00F0D450 /* AddVMViewController.swift */,
				F9BDB5CB29EC139A00D7331F /* ImportVMViewController.swift */,
			);
			path = ViewControllers;
			sourceTree = "<group>";
		};
		F9A04BAC29EEF26100DC813D /* Data */ = {
			isa = PBXGroup;
			children = (
				F9A04BAD29EEF26F00DC813D /* namedefs.inf */,
			);
			path = Data;
			sourceTree = "<group>";
		};
		F9A04BAF29EF0F4300DC813D /* Extensions */ = {
			isa = PBXGroup;
			children = (
				F9A04BB029EF0F5400DC813D /* FileManager.swift */,
			);
			path = Extensions;
			sourceTree = "<group>";
		};
		F9D1BE1429EB0F1D000C7E5F /* Utils */ = {
			isa = PBXGroup;
			children = (
				F9B09E6329E9DBC800C86A0F /* IniParser.swift */,
			);
			path = Utils;
			sourceTree = "<group>";
		};
		F9D6077629E2BABE002541BF = {
			isa = PBXGroup;
			children = (
				F9D6078129E2BABE002541BF /* MacBox */,
				F9D6078029E2BABE002541BF /* Products */,
			);
			sourceTree = "<group>";
		};
		F9D6078029E2BABE002541BF /* Products */ = {
			isa = PBXGroup;
			children = (
				F9D6077F29E2BABE002541BF /* MacBox.app */,
			);
			name = Products;
			sourceTree = "<group>";
		};
		F9D6078129E2BABE002541BF /* MacBox */ = {
			isa = PBXGroup;
			children = (
				F9A04BAF29EF0F4300DC813D /* Extensions */,
				F9A04BAC29EEF26100DC813D /* Data */,
				F959EF7729E3585800934DA5 /* ViewControllers */,
				F959EF7629E3580700934DA5 /* Storyboards */,
				F959EF7529E357F500934DA5 /* Classes */,
				F9D1BE1429EB0F1D000C7E5F /* Utils */,
				F99FFC5529F5364300099CAB /* Shaders */,
				F918A5A029F19CE500E15E32 /* Templates */,
				F9D6078229E2BABE002541BF /* AppDelegate.swift */,
				F9D6078629E2BABF002541BF /* Assets.xcassets */,
				F9D6078B29E2BABF002541BF /* MacBox.entitlements */,
			);
			path = MacBox;
			sourceTree = "<group>";
		};
/* End PBXGroup section */

/* Begin PBXNativeTarget section */
		F9D6077E29E2BABE002541BF /* MacBox */ = {
			isa = PBXNativeTarget;
			buildConfigurationList = F9D6078E29E2BABF002541BF /* Build configuration list for PBXNativeTarget "MacBox" */;
			buildPhases = (
				F9D6077B29E2BABE002541BF /* Sources */,
				F9D6077C29E2BABE002541BF /* Frameworks */,
				F9D6077D29E2BABE002541BF /* Resources */,
			);
			buildRules = (
			);
			dependencies = (
			);
			name = MacBox;
			productName = MacBox;
			productReference = F9D6077F29E2BABE002541BF /* MacBox.app */;
			productType = "com.apple.product-type.application";
		};
/* End PBXNativeTarget section */

/* Begin PBXProject section */
		F9D6077729E2BABE002541BF /* Project object */ = {
			isa = PBXProject;
			attributes = {
				BuildIndependentTargetsInParallel = 1;
				LastSwiftUpdateCheck = 1430;
				LastUpgradeCheck = 1430;
				TargetAttributes = {
					F9D6077E29E2BABE002541BF = {
						CreatedOnToolsVersion = 14.3;
					};
				};
			};
			buildConfigurationList = F9D6077A29E2BABE002541BF /* Build configuration list for PBXProject "MacBox" */;
			compatibilityVersion = "Xcode 14.0";
			developmentRegion = en;
			hasScannedForEncodings = 0;
			knownRegions = (
				en,
				Base,
			);
			mainGroup = F9D6077629E2BABE002541BF;
			productRefGroup = F9D6078029E2BABE002541BF /* Products */;
			projectDirPath = "";
			projectRoot = "";
			targets = (
				F9D6077E29E2BABE002541BF /* MacBox */,
			);
		};
/* End PBXProject section */

/* Begin PBXResourcesBuildPhase section */
		F9D6077D29E2BABE002541BF /* Resources */ = {
			isa = PBXResourcesBuildPhase;
			buildActionMask = 2147483647;
			files = (
				F918A5A129F19CE500E15E32 /* Templates in Resources */,
				F99FFC5629F5364300099CAB /* Shaders in Resources */,
				F9D6078729E2BABF002541BF /* Assets.xcassets in Resources */,
				F9A04BAE29EEF26F00DC813D /* namedefs.inf in Resources */,
				F9D6078A29E2BABF002541BF /* Main.storyboard in Resources */,
			);
			runOnlyForDeploymentPostprocessing = 0;
		};
/* End PBXResourcesBuildPhase section */

/* Begin PBXSourcesBuildPhase section */
		F9D6077B29E2BABE002541BF /* Sources */ = {
			isa = PBXSourcesBuildPhase;
			buildActionMask = 2147483647;
			files = (
				F9BDB5CC29EC139A00D7331F /* ImportVMViewController.swift in Sources */,
				F9D6078529E2BABE002541BF /* MainViewController.swift in Sources */,
				F9BB907629F14C7E000B4C5F /* VMTemplate.swift in Sources */,
				F934D58B29E41BDB00F0D450 /* AddVMViewController.swift in Sources */,
				F9A04BB129EF0F5400DC813D /* FileManager.swift in Sources */,
				F934D58D29E424EE00F0D450 /* VM.swift in Sources */,
				F9B09E6429E9DBC800C86A0F /* IniParser.swift in Sources */,
				F9D6078329E2BABE002541BF /* AppDelegate.swift in Sources */,
			);
			runOnlyForDeploymentPostprocessing = 0;
		};
/* End PBXSourcesBuildPhase section */

/* Begin PBXVariantGroup section */
		F9D6078829E2BABF002541BF /* Main.storyboard */ = {
			isa = PBXVariantGroup;
			children = (
				F9D6078929E2BABF002541BF /* Base */,
			);
			name = Main.storyboard;
			sourceTree = "<group>";
		};
/* End PBXVariantGroup section */

/* Begin XCBuildConfiguration section */
		F9D6078C29E2BABF002541BF /* Debug */ = {
			isa = XCBuildConfiguration;
			buildSettings = {
				ALWAYS_SEARCH_USER_PATHS = NO;
				CLANG_ANALYZER_NONNULL = YES;
				CLANG_ANALYZER_NUMBER_OBJECT_CONVERSION = YES_AGGRESSIVE;
				CLANG_CXX_LANGUAGE_STANDARD = "gnu++20";
				CLANG_ENABLE_MODULES = YES;
				CLANG_ENABLE_OBJC_ARC = YES;
				CLANG_ENABLE_OBJC_WEAK = YES;
				CLANG_WARN_BLOCK_CAPTURE_AUTORELEASING = YES;
				CLANG_WARN_BOOL_CONVERSION = YES;
				CLANG_WARN_COMMA = YES;
				CLANG_WARN_CONSTANT_CONVERSION = YES;
				CLANG_WARN_DEPRECATED_OBJC_IMPLEMENTATIONS = YES;
				CLANG_WARN_DIRECT_OBJC_ISA_USAGE = YES_ERROR;
				CLANG_WARN_DOCUMENTATION_COMMENTS = YES;
				CLANG_WARN_EMPTY_BODY = YES;
				CLANG_WARN_ENUM_CONVERSION = YES;
				CLANG_WARN_INFINITE_RECURSION = YES;
				CLANG_WARN_INT_CONVERSION = YES;
				CLANG_WARN_NON_LITERAL_NULL_CONVERSION = YES;
				CLANG_WARN_OBJC_IMPLICIT_RETAIN_SELF = YES;
				CLANG_WARN_OBJC_LITERAL_CONVERSION = YES;
				CLANG_WARN_OBJC_ROOT_CLASS = YES_ERROR;
				CLANG_WARN_QUOTED_INCLUDE_IN_FRAMEWORK_HEADER = YES;
				CLANG_WARN_RANGE_LOOP_ANALYSIS = YES;
				CLANG_WARN_STRICT_PROTOTYPES = YES;
				CLANG_WARN_SUSPICIOUS_MOVE = YES;
				CLANG_WARN_UNGUARDED_AVAILABILITY = YES_AGGRESSIVE;
				CLANG_WARN_UNREACHABLE_CODE = YES;
				CLANG_WARN__DUPLICATE_METHOD_MATCH = YES;
				COPY_PHASE_STRIP = NO;
				DEBUG_INFORMATION_FORMAT = dwarf;
				ENABLE_STRICT_OBJC_MSGSEND = YES;
				ENABLE_TESTABILITY = YES;
				GCC_C_LANGUAGE_STANDARD = gnu11;
				GCC_DYNAMIC_NO_PIC = NO;
				GCC_NO_COMMON_BLOCKS = YES;
				GCC_OPTIMIZATION_LEVEL = 0;
				GCC_PREPROCESSOR_DEFINITIONS = (
					"DEBUG=1",
					"$(inherited)",
				);
				GCC_WARN_64_TO_32_BIT_CONVERSION = YES;
				GCC_WARN_ABOUT_RETURN_TYPE = YES_ERROR;
				GCC_WARN_UNDECLARED_SELECTOR = YES;
				GCC_WARN_UNINITIALIZED_AUTOS = YES_AGGRESSIVE;
				GCC_WARN_UNUSED_FUNCTION = YES;
				GCC_WARN_UNUSED_VARIABLE = YES;
				MACOSX_DEPLOYMENT_TARGET = 10.14;
				MTL_ENABLE_DEBUG_INFO = INCLUDE_SOURCE;
				MTL_FAST_MATH = YES;
				ONLY_ACTIVE_ARCH = YES;
				SDKROOT = macosx;
				SWIFT_ACTIVE_COMPILATION_CONDITIONS = DEBUG;
				SWIFT_OPTIMIZATION_LEVEL = "-Onone";
			};
			name = Debug;
		};
		F9D6078D29E2BABF002541BF /* Release */ = {
			isa = XCBuildConfiguration;
			buildSettings = {
				ALWAYS_SEARCH_USER_PATHS = NO;
				CLANG_ANALYZER_NONNULL = YES;
				CLANG_ANALYZER_NUMBER_OBJECT_CONVERSION = YES_AGGRESSIVE;
				CLANG_CXX_LANGUAGE_STANDARD = "gnu++20";
				CLANG_ENABLE_MODULES = YES;
				CLANG_ENABLE_OBJC_ARC = YES;
				CLANG_ENABLE_OBJC_WEAK = YES;
				CLANG_WARN_BLOCK_CAPTURE_AUTORELEASING = YES;
				CLANG_WARN_BOOL_CONVERSION = YES;
				CLANG_WARN_COMMA = YES;
				CLANG_WARN_CONSTANT_CONVERSION = YES;
				CLANG_WARN_DEPRECATED_OBJC_IMPLEMENTATIONS = YES;
				CLANG_WARN_DIRECT_OBJC_ISA_USAGE = YES_ERROR;
				CLANG_WARN_DOCUMENTATION_COMMENTS = YES;
				CLANG_WARN_EMPTY_BODY = YES;
				CLANG_WARN_ENUM_CONVERSION = YES;
				CLANG_WARN_INFINITE_RECURSION = YES;
				CLANG_WARN_INT_CONVERSION = YES;
				CLANG_WARN_NON_LITERAL_NULL_CONVERSION = YES;
				CLANG_WARN_OBJC_IMPLICIT_RETAIN_SELF = YES;
				CLANG_WARN_OBJC_LITERAL_CONVERSION = YES;
				CLANG_WARN_OBJC_ROOT_CLASS = YES_ERROR;
				CLANG_WARN_QUOTED_INCLUDE_IN_FRAMEWORK_HEADER = YES;
				CLANG_WARN_RANGE_LOOP_ANALYSIS = YES;
				CLANG_WARN_STRICT_PROTOTYPES = YES;
				CLANG_WARN_SUSPICIOUS_MOVE = YES;
				CLANG_WARN_UNGUARDED_AVAILABILITY = YES_AGGRESSIVE;
				CLANG_WARN_UNREACHABLE_CODE = YES;
				CLANG_WARN__DUPLICATE_METHOD_MATCH = YES;
				COPY_PHASE_STRIP = NO;
				DEBUG_INFORMATION_FORMAT = "dwarf-with-dsym";
				ENABLE_NS_ASSERTIONS = NO;
				ENABLE_STRICT_OBJC_MSGSEND = YES;
				GCC_C_LANGUAGE_STANDARD = gnu11;
				GCC_NO_COMMON_BLOCKS = YES;
				GCC_WARN_64_TO_32_BIT_CONVERSION = YES;
				GCC_WARN_ABOUT_RETURN_TYPE = YES_ERROR;
				GCC_WARN_UNDECLARED_SELECTOR = YES;
				GCC_WARN_UNINITIALIZED_AUTOS = YES_AGGRESSIVE;
				GCC_WARN_UNUSED_FUNCTION = YES;
				GCC_WARN_UNUSED_VARIABLE = YES;
				MACOSX_DEPLOYMENT_TARGET = 10.14;
				MTL_ENABLE_DEBUG_INFO = NO;
				MTL_FAST_MATH = YES;
				SDKROOT = macosx;
				SWIFT_COMPILATION_MODE = wholemodule;
				SWIFT_OPTIMIZATION_LEVEL = "-O";
			};
			name = Release;
		};
		F9D6078F29E2BABF002541BF /* Debug */ = {
			isa = XCBuildConfiguration;
			buildSettings = {
				ASSETCATALOG_COMPILER_APPICON_NAME = AppIcon;
				ASSETCATALOG_COMPILER_GLOBAL_ACCENT_COLOR_NAME = AccentColor;
				ASSETCATALOG_COMPILER_INCLUDE_ALL_APPICON_ASSETS = NO;
				CODE_SIGN_ENTITLEMENTS = MacBox/MacBox.entitlements;
				CODE_SIGN_IDENTITY = "Apple Development";
				"CODE_SIGN_IDENTITY[sdk=macosx*]" = "-";
				CODE_SIGN_STYLE = Automatic;
				COMBINE_HIDPI_IMAGES = YES;
				CURRENT_PROJECT_VERSION = 1;
				DEVELOPMENT_TEAM = CQFP794WX5;
				ENABLE_HARDENED_RUNTIME = YES;
				GENERATE_INFOPLIST_FILE = YES;
				INFOPLIST_KEY_LSApplicationCategoryType = "public.app-category.utilities";
				INFOPLIST_KEY_NSHumanReadableCopyright = "";
				INFOPLIST_KEY_NSMainStoryboardFile = Main;
				INFOPLIST_KEY_NSPrincipalClass = NSApplication;
				INFOPLIST_KEY_UILaunchStoryboardName = Main.storyboard;
				LD_RUNPATH_SEARCH_PATHS = (
					"$(inherited)",
					"@executable_path/../Frameworks",
				);
				MACOSX_DEPLOYMENT_TARGET = 10.14;
				MARKETING_VERSION = 0.2.2;
				PRODUCT_BUNDLE_IDENTIFIER = Moonif.MacBox;
				PRODUCT_NAME = "$(TARGET_NAME)";
				PROVISIONING_PROFILE_SPECIFIER = "";
				SWIFT_EMIT_LOC_STRINGS = YES;
				SWIFT_VERSION = 5.0;
			};
			name = Debug;
		};
		F9D6079029E2BABF002541BF /* Release */ = {
			isa = XCBuildConfiguration;
			buildSettings = {
				ASSETCATALOG_COMPILER_APPICON_NAME = AppIcon;
				ASSETCATALOG_COMPILER_GLOBAL_ACCENT_COLOR_NAME = AccentColor;
				ASSETCATALOG_COMPILER_INCLUDE_ALL_APPICON_ASSETS = NO;
				CODE_SIGN_ENTITLEMENTS = MacBox/MacBox.entitlements;
				CODE_SIGN_IDENTITY = "Apple Development";
				"CODE_SIGN_IDENTITY[sdk=macosx*]" = "-";
				CODE_SIGN_STYLE = Automatic;
				COMBINE_HIDPI_IMAGES = YES;
				CURRENT_PROJECT_VERSION = 1;
				DEVELOPMENT_TEAM = CQFP794WX5;
				ENABLE_HARDENED_RUNTIME = YES;
				GENERATE_INFOPLIST_FILE = YES;
				INFOPLIST_KEY_LSApplicationCategoryType = "public.app-category.utilities";
				INFOPLIST_KEY_NSHumanReadableCopyright = "";
				INFOPLIST_KEY_NSMainStoryboardFile = Main;
				INFOPLIST_KEY_NSPrincipalClass = NSApplication;
				INFOPLIST_KEY_UILaunchStoryboardName = Main.storyboard;
				LD_RUNPATH_SEARCH_PATHS = (
					"$(inherited)",
					"@executable_path/../Frameworks",
				);
				MACOSX_DEPLOYMENT_TARGET = 10.14;
				MARKETING_VERSION = 0.2.2;
				PRODUCT_BUNDLE_IDENTIFIER = Moonif.MacBox;
				PRODUCT_NAME = "$(TARGET_NAME)";
				PROVISIONING_PROFILE_SPECIFIER = "";
				SWIFT_EMIT_LOC_STRINGS = YES;
				SWIFT_VERSION = 5.0;
			};
			name = Release;
		};
/* End XCBuildConfiguration section */

/* Begin XCConfigurationList section */
		F9D6077A29E2BABE002541BF /* Build configuration list for PBXProject "MacBox" */ = {
			isa = XCConfigurationList;
			buildConfigurations = (
				F9D6078C29E2BABF002541BF /* Debug */,
				F9D6078D29E2BABF002541BF /* Release */,
			);
			defaultConfigurationIsVisible = 0;
			defaultConfigurationName = Release;
		};
		F9D6078E29E2BABF002541BF /* Build configuration list for PBXNativeTarget "MacBox" */ = {
			isa = XCConfigurationList;
			buildConfigurations = (
				F9D6078F29E2BABF002541BF /* Debug */,
				F9D6079029E2BABF002541BF /* Release */,
			);
			defaultConfigurationIsVisible = 0;
			defaultConfigurationName = Release;
		};
/* End XCConfigurationList section */
	};
	rootObject = F9D6077729E2BABE002541BF /* Project object */;
}
